lockfileVersion: '9.0'

settings:
  autoInstallPeers: true
  excludeLinksFromLockfile: false

importers:

  .:
    dependencies:
      lucide:
        specifier: 1.24.0
        version: 1.24.0

packages:

  lucide@1.24.0:
    resolution: {integrity: sha512-oMAaeuNDc5VCnBb3IjwKYGRT56tqanUm1fyDFT5Tl8hWSZND59gztgjvXje08jKLPVAq0gHJcwZUE8GCQxzBeg==}

snapshots:

  lucide@1.24.0: {}
